<?xml version="1.0" encoding="utf-8"?>
<Project ToolsVersion="4.0" xmlns="http://schemas.microsoft.com/developer/msbuild/2003">
  <ItemGroup>
    <Filter Include="Archivos de origen">
      <UniqueIdentifier>{4FC737F1-C7A5-4376-A066-2A32D752A2FF}</UniqueIdentifier>
      <Extensions>cpp;c;cc;cxx;c++;cppm;ixx;def;odl;idl;hpj;bat;asm;asmx</Extensions>
    </Filter>
    <Filter Include="Archivos de encabezado">
      <UniqueIdentifier>{93995380-89BD-4b04-88EB-625FBE52EBFB}</UniqueIdentifier>
      <Extensions>h;hh;hpp;hxx;h++;hm;inl;inc;ipp;xsd</Extensions>
    </Filter>
    <Filter Include="Archivos de recursos">
      <UniqueIdentifier>{67DA6AB6-F800-4c08-8B7A-83BB121AAD01}</UniqueIdentifier>
      <Extensions>rc;ico;cur;bmp;dlg;rc2;rct;bin;rgs;gif;jpg;jpeg;jpe;resx;tiff;tif;png;wav;mfcribbon-ms</Extensions>
    </Filter>
    <Filter Include="Archivos de origen\json">
      <UniqueIdentifier>{14a72b96-4e3b-45b8-8bba-b9d01d9650c8}</UniqueIdentifier>
    </Filter>
    <Filter Include="Archivos de origen\sdlutils">
      <UniqueIdentifier>{8fd940b7-823f-49bb-87a2-2f8982a1ab23}</UniqueIdentifier>
    </Filter>
    <Filter Include="Archivos de origen\utils">
      <UniqueIdentifier>{61e5adf6-0b35-4891-86af-6e32290f9940}</UniqueIdentifier>
    </Filter>
    <Filter Include="Archivos de encabezado\json">
      <UniqueIdentifier>{5467a99d-da34-4f94-9651-41aa865b0973}</UniqueIdentifier>
    </Filter>
    <Filter Include="Archivos de encabezado\utils">
      <UniqueIdentifier>{3ee5f713-ecce-4bc6-a99c-3191edffe965}</UniqueIdentifier>
    </Filter>
    <Filter Include="Archivos de encabezado\sdlutils">
      <UniqueIdentifier>{3fdd93d9-8efd-46dc-8303-e4fc30f72dd5}</UniqueIdentifier>
    </Filter>
    <Filter Include="Archivos de encabezado\ecs">
      <UniqueIdentifier>{0579cad1-2d47-4bce-8b86-a55bb9ac667e}</UniqueIdentifier>
    </Filter>
    <Filter Include="Archivos de encabezado\game">
      <UniqueIdentifier>{a6581581-1d41-4e9c-a9bf-8bf6033bc215}</UniqueIdentifier>
    </Filter>
    <Filter Include="Archivos de origen\ecs">
      <UniqueIdentifier>{85a7bab5-28ad-40d7-a869-5af3961d91fa}</UniqueIdentifier>
    </Filter>
    <Filter Include="Archivos de origen\game">
      <UniqueIdentifier>{fcf230d5-aa3e-4389-b9c8-8f909f003ae7}</UniqueIdentifier>
    </Filter>
    <Filter Include="Archivos de encabezado\components">
      <UniqueIdentifier>{5f03bba9-d32d-4d6e-b53f-1a3238ac79a8}</UniqueIdentifier>
    </Filter>
    <Filter Include="configJson">
      <UniqueIdentifier>{eda6e058-ab0a-4b17-8e73-0890d3e486c5}</UniqueIdentifier>
    </Filter>
    <Filter Include="Archivos de origen\components">
      <UniqueIdentifier>{dcde0b05-df85-400f-a228-dffc575b6898}</UniqueIdentifier>
    </Filter>
    <Filter Include="Archivos de encabezado\levels">
      <UniqueIdentifier>{bcdef1ec-ca2f-42a5-bcb5-ea66c8d12da6}</UniqueIdentifier>
    </Filter>
    <Filter Include="Archivos de origen\levels">
      <UniqueIdentifier>{92d53180-bc59-4915-85f2-7a85cca9ed5f}</UniqueIdentifier>
    </Filter>
    <Filter Include="Archivos de encabezado\assets">
      <UniqueIdentifier>{48efe671-72eb-4975-9ec4-9cd23b1cc2d2}</UniqueIdentifier>
    </Filter>
    <Filter Include="Archivos de origen\assets">
      <UniqueIdentifier>{7f891221-4db7-49a4-967f-49222a2f155f}</UniqueIdentifier>
    </Filter>
    <Filter Include="Archivos de encabezado\states">
      <UniqueIdentifier>{226d9160-b252-44cf-adcb-3a73f0677c2d}</UniqueIdentifier>
    </Filter>
    <Filter Include="Archivos de origen\states">
      <UniqueIdentifier>{3831cd03-c2f7-41d4-9f1e-974a967f82f1}</UniqueIdentifier>
    </Filter>
    <Filter Include="Archivos de encabezado\components\Enemies">
      <UniqueIdentifier>{95417fce-c189-44f4-a969-002c61321aa1}</UniqueIdentifier>
    </Filter>
    <Filter Include="Archivos de encabezado\components\Weapons">
      <UniqueIdentifier>{a2b4b006-5cbf-4c31-8481-278fab6199b0}</UniqueIdentifier>
    </Filter>
    <Filter Include="Archivos de encabezado\components\HUD">
      <UniqueIdentifier>{047b30e5-b128-4459-8dfc-d74dadcf0d20}</UniqueIdentifier>
    </Filter>
    <Filter Include="Archivos de encabezado\components\Map">
      <UniqueIdentifier>{2b1e3850-4fcb-497b-badc-807814fa9862}</UniqueIdentifier>
    </Filter>
    <Filter Include="Archivos de encabezado\components\Physics">
      <UniqueIdentifier>{8770b328-6141-4fe6-ba1f-774f7a5bd095}</UniqueIdentifier>
    </Filter>
    <Filter Include="Archivos de encabezado\components\SpritesControl">
      <UniqueIdentifier>{7e36d4be-af1f-40cf-9c11-7516ad694a7c}</UniqueIdentifier>
    </Filter>
  </ItemGroup>
  <ItemGroup>
    <ClInclude Include="framework.h">
      <Filter>Archivos de encabezado</Filter>
    </ClInclude>
    <ClInclude Include="targetver.h">
      <Filter>Archivos de encabezado</Filter>
    </ClInclude>
    <ClInclude Include="Resource.h">
      <Filter>Archivos de encabezado</Filter>
    </ClInclude>
    <ClInclude Include="captain_brinetooth.h">
      <Filter>Archivos de encabezado</Filter>
    </ClInclude>
    <ClInclude Include="json\JSON.h">
      <Filter>Archivos de encabezado\json</Filter>
    </ClInclude>
    <ClInclude Include="json\JSONValue.h">
      <Filter>Archivos de encabezado\json</Filter>
    </ClInclude>
    <ClInclude Include="json\simplejson_demo.h">
      <Filter>Archivos de encabezado\json</Filter>
    </ClInclude>
    <ClInclude Include="sdlutils\Font.h">
      <Filter>Archivos de encabezado\sdlutils</Filter>
    </ClInclude>
    <ClInclude Include="sdlutils\InputHandler.h">
      <Filter>Archivos de encabezado\sdlutils</Filter>
    </ClInclude>
    <ClInclude Include="sdlutils\macros.h">
      <Filter>Archivos de encabezado\sdlutils</Filter>
    </ClInclude>
    <ClInclude Include="sdlutils\Music.h">
      <Filter>Archivos de encabezado\sdlutils</Filter>
    </ClInclude>
    <ClInclude Include="sdlutils\SDLUtils.h">
      <Filter>Archivos de encabezado\sdlutils</Filter>
    </ClInclude>
    <ClInclude Include="sdlutils\RandomNumberGenerator.h">
      <Filter>Archivos de encabezado\sdlutils</Filter>
    </ClInclude>
    <ClInclude Include="sdlutils\sdlutils_demo.h">
      <Filter>Archivos de encabezado\sdlutils</Filter>
    </ClInclude>
    <ClInclude Include="sdlutils\SoundEffect.h">
      <Filter>Archivos de encabezado\sdlutils</Filter>
    </ClInclude>
    <ClInclude Include="sdlutils\Texture.h">
      <Filter>Archivos de encabezado\sdlutils</Filter>
    </ClInclude>
    <ClInclude Include="sdlutils\VirtualTimer.h">
      <Filter>Archivos de encabezado\sdlutils</Filter>
    </ClInclude>
    <ClInclude Include="utils\Collisions.h">
      <Filter>Archivos de encabezado\utils</Filter>
    </ClInclude>
    <ClInclude Include="utils\Singleton.h">
      <Filter>Archivos de encabezado\utils</Filter>
    </ClInclude>
    <ClInclude Include="utils\Vector2D.h">
      <Filter>Archivos de encabezado\utils</Filter>
    </ClInclude>
    <ClInclude Include="game\ecs_defs.h">
      <Filter>Archivos de encabezado\game</Filter>
    </ClInclude>
    <ClInclude Include="game\App.h">
      <Filter>Archivos de encabezado\game</Filter>
    </ClInclude>
    <ClInclude Include="ecs\Component.h">
      <Filter>Archivos de encabezado\ecs</Filter>
    </ClInclude>
    <ClInclude Include="ecs\ecs.h">
      <Filter>Archivos de encabezado\ecs</Filter>
    </ClInclude>
    <ClInclude Include="ecs\ecs_defs_example.h">
      <Filter>Archivos de encabezado\ecs</Filter>
    </ClInclude>
    <ClInclude Include="ecs\Entity.h">
      <Filter>Archivos de encabezado\ecs</Filter>
    </ClInclude>
    <ClInclude Include="ecs\Manager.h">
      <Filter>Archivos de encabezado\ecs</Filter>
    </ClInclude>
    <ClInclude Include="ecs\mpl.h">
      <Filter>Archivos de encabezado\ecs</Filter>
    </ClInclude>
    <ClInclude Include="components\Bounce.h">
      <Filter>Archivos de encabezado\components</Filter>
    </ClInclude>
    <ClInclude Include="components\KeyBoardCtrl.h">
      <Filter>Archivos de encabezado\components</Filter>
    </ClInclude>
    <ClInclude Include="components\Rotate.h">
      <Filter>Archivos de encabezado\components</Filter>
    </ClInclude>
    <ClInclude Include="components\Transform.h">
      <Filter>Archivos de encabezado\components</Filter>
    </ClInclude>
    <ClInclude Include="components\Player_Health.h">
      <Filter>Archivos de encabezado\components</Filter>
    </ClInclude>
    <ClInclude Include="components\framework.h">
      <Filter>Archivos de encabezado</Filter>
    </ClInclude>
    <ClInclude Include="components\enemyMovement.h">
      <Filter>Archivos de encabezado\components</Filter>
    </ClInclude>
    <ClInclude Include="assets\assets.h">
      <Filter>Archivos de encabezado\assets</Filter>
    </ClInclude>
    <ClInclude Include="levels\Level0.h">
      <Filter>Archivos de encabezado\levels</Filter>
    </ClInclude>
    <ClInclude Include="components\LoseLife.h">
      <Filter>Archivos de encabezado\components</Filter>
    </ClInclude>
    <ClInclude Include="components\Enemy_Health.h">
      <Filter>Archivos de encabezado\components</Filter>
    </ClInclude>
    <ClInclude Include="states\GameState.h">
      <Filter>Archivos de encabezado\states</Filter>
    </ClInclude>
    <ClInclude Include="states\StateMachine.h">
      <Filter>Archivos de encabezado\states</Filter>
    </ClInclude>
    <ClInclude Include="states\MenuState.h">
      <Filter>Archivos de encabezado\states</Filter>
    </ClInclude>
    <ClInclude Include="states\TestZoneState.h">
      <Filter>Archivos de encabezado\states</Filter>
    </ClInclude>
    <ClInclude Include="components\PlayerController.h">
      <Filter>Archivos de encabezado\components</Filter>
    </ClInclude>
    <ClInclude Include="components\ShootDetect.h">
      <Filter>Archivos de encabezado\components</Filter>
    </ClInclude>
    <ClInclude Include="game\CollisionLayers.h">
      <Filter>Archivos de encabezado\game</Filter>
    </ClInclude>
    <ClInclude Include="states\PlayState.h">
      <Filter>Archivos de encabezado\states</Filter>
    </ClInclude>
    <ClInclude Include="states\PasueState.h">
      <Filter>Archivos de encabezado\states</Filter>
    </ClInclude>
    <ClInclude Include="states\OptionsState.h">
      <Filter>Archivos de encabezado\states</Filter>
    </ClInclude>
    <ClInclude Include="ecs\SoundManager.h">
      <Filter>Archivos de encabezado\ecs</Filter>
    </ClInclude>
    <ClInclude Include="components\Reward.h">
      <Filter>Archivos de encabezado\components</Filter>
    </ClInclude>
    <ClInclude Include="components\Gancho.h">
      <Filter>Archivos de encabezado\components</Filter>
    </ClInclude>
    <ClInclude Include="components\Cuerda.h">
      <Filter>Archivos de encabezado\components</Filter>
    </ClInclude>
    <ClInclude Include="components\PescaController.h">
      <Filter>Archivos de encabezado\components</Filter>
    </ClInclude>
    <ClInclude Include="components\ElfSharkAttack.h">
      <Filter>Archivos de encabezado\components\Enemies</Filter>
    </ClInclude>
    <ClInclude Include="components\EnemyTrigger.h">
      <Filter>Archivos de encabezado\components\Enemies</Filter>
    </ClInclude>
    <ClInclude Include="components\FringeHeadAtack.h">
      <Filter>Archivos de encabezado\components\Enemies</Filter>
    </ClInclude>
    <ClInclude Include="components\JellyHatBehavior.h">
      <Filter>Archivos de encabezado\components\Enemies</Filter>
    </ClInclude>
    <ClInclude Include="components\Crab.h">
      <Filter>Archivos de encabezado\components\Weapons</Filter>
    </ClInclude>
    <ClInclude Include="components\Chainsaw.h">
      <Filter>Archivos de encabezado\components\Weapons</Filter>
    </ClInclude>
    <ClInclude Include="components\Hammer.h">
      <Filter>Archivos de encabezado\components\Weapons</Filter>
    </ClInclude>
    <ClInclude Include="components\MachineGun.h">
      <Filter>Archivos de encabezado\components\Weapons</Filter>
    </ClInclude>
    <ClInclude Include="components\Sword.h">
      <Filter>Archivos de encabezado\components\Weapons</Filter>
    </ClInclude>
    <ClInclude Include="components\Armas_HUD.h">
      <Filter>Archivos de encabezado\components\HUD</Filter>
    </ClInclude>
    <ClInclude Include="components\Button.h">
      <Filter>Archivos de encabezado\components\HUD</Filter>
    </ClInclude>
    <ClInclude Include="components\CameraFollow.h">
      <Filter>Archivos de encabezado\components\HUD</Filter>
    </ClInclude>
    <ClInclude Include="components\Inventory.h">
      <Filter>Archivos de encabezado\components\HUD</Filter>
    </ClInclude>
    <ClInclude Include="components\Slider.h">
      <Filter>Archivos de encabezado\components\HUD</Filter>
    </ClInclude>
    <ClInclude Include="components\Map.h">
      <Filter>Archivos de encabezado\components\Map</Filter>
    </ClInclude>
    <ClInclude Include="components\MapCollider.h">
      <Filter>Archivos de encabezado\components\Map</Filter>
    </ClInclude>
    <ClInclude Include="components\MapProcedural.h">
      <Filter>Archivos de encabezado\components\Map</Filter>
    </ClInclude>
    <ClInclude Include="components\Connections.h">
      <Filter>Archivos de encabezado\components\Map</Filter>
    </ClInclude>
    <ClInclude Include="components\DestroyOnCollision.h">
      <Filter>Archivos de encabezado\components\Physics</Filter>
    </ClInclude>
    <ClInclude Include="components\DamageCollisionCallbacks.h">
      <Filter>Archivos de encabezado\components\Physics</Filter>
    </ClInclude>
    <ClInclude Include="components\ContactDamage.h">
      <Filter>Archivos de encabezado\components\Physics</Filter>
    </ClInclude>
    <ClInclude Include="components\BoxCollider.h">
      <Filter>Archivos de encabezado\components\Physics</Filter>
    </ClInclude>
    <ClInclude Include="components\DisableOnExit.h">
      <Filter>Archivos de encabezado\components\Physics</Filter>
    </ClInclude>
    <ClInclude Include="components\RayCast.h">
      <Filter>Archivos de encabezado\components\Physics</Filter>
    </ClInclude>
    <ClInclude Include="components\WeaponDamageDetection.h">
      <Filter>Archivos de encabezado\components\Physics</Filter>
    </ClInclude>
    <ClInclude Include="components\GetAWeaponOnCollision.h">
      <Filter>Archivos de encabezado\components\Physics</Filter>
    </ClInclude>
    <ClInclude Include="components\Animation.h">
      <Filter>Archivos de encabezado\components\SpritesControl</Filter>
    </ClInclude>
    <ClInclude Include="components\AnimBlendGraph.h">
      <Filter>Archivos de encabezado\components\SpritesControl</Filter>
    </ClInclude>
    <ClInclude Include="components\Image.h">
      <Filter>Archivos de encabezado\components\SpritesControl</Filter>
    </ClInclude>
    <ClInclude Include="components\Rectangle.h">
      <Filter>Archivos de encabezado\components\SpritesControl</Filter>
    </ClInclude>
    <ClInclude Include="components\PompeyWormAttack.h">
      <Filter>Archivos de encabezado\components\Enemies</Filter>
    </ClInclude>
  </ItemGroup>
  <ItemGroup>
    <ResourceCompile Include="captain_brinetooth.rc">
      <Filter>Archivos de recursos</Filter>
    </ResourceCompile>
  </ItemGroup>
  <ItemGroup>
    <Image Include="small.ico">
      <Filter>Archivos de recursos</Filter>
    </Image>
    <Image Include="captain_brinetooth.ico">
      <Filter>Archivos de recursos</Filter>
    </Image>
  </ItemGroup>
  <ItemGroup>
    <ClCompile Include="utils\Collisions.cpp">
      <Filter>Archivos de origen\utils</Filter>
    </ClCompile>
    <ClCompile Include="utils\Vector2D.cpp">
      <Filter>Archivos de origen\utils</Filter>
    </ClCompile>
    <ClCompile Include="sdlutils\RandomNumberGenerator.cpp">
      <Filter>Archivos de origen\sdlutils</Filter>
    </ClCompile>
    <ClCompile Include="sdlutils\SDLUtils.cpp">
      <Filter>Archivos de origen\sdlutils</Filter>
    </ClCompile>
    <ClCompile Include="sdlutils\sdlutils_demo.cpp">
      <Filter>Archivos de origen\sdlutils</Filter>
    </ClCompile>
    <ClCompile Include="sdlutils\SoundEffect.cpp">
      <Filter>Archivos de origen\sdlutils</Filter>
    </ClCompile>
    <ClCompile Include="sdlutils\Texture.cpp">
      <Filter>Archivos de origen\sdlutils</Filter>
    </ClCompile>
    <ClCompile Include="json\JSON.cpp">
      <Filter>Archivos de origen\json</Filter>
    </ClCompile>
    <ClCompile Include="json\JSONValue.cpp">
      <Filter>Archivos de origen\json</Filter>
    </ClCompile>
    <ClCompile Include="json\somplejson_demo.cpp">
      <Filter>Archivos de origen\json</Filter>
    </ClCompile>
    <ClCompile Include="game\App.cpp">
      <Filter>Archivos de origen\game</Filter>
    </ClCompile>
    <ClCompile Include="ecs\Entity.cpp">
      <Filter>Archivos de origen\ecs</Filter>
    </ClCompile>
    <ClCompile Include="ecs\Manager.cpp">
      <Filter>Archivos de origen\ecs</Filter>
    </ClCompile>
    <ClCompile Include="components\Player_Health.cpp">
      <Filter>Archivos de origen\components</Filter>
    </ClCompile>
    <ClCompile Include="components\Armas_HUD.cpp">
      <Filter>Archivos de origen\components</Filter>
    </ClCompile>
    <ClCompile Include="components\enemyMovement.cpp">
      <Filter>Archivos de origen\components</Filter>
    </ClCompile>
    <ClCompile Include="assets\assets.cpp">
      <Filter>Archivos de origen\assets</Filter>
    </ClCompile>
    <ClCompile Include="levels\Level0.cpp">
      <Filter>Archivos de origen\levels</Filter>
    </ClCompile>
    <ClCompile Include="components\Chainsaw.cpp">
      <Filter>Archivos de origen\components</Filter>
    </ClCompile>
    <ClCompile Include="components\CameraFollow.cpp">
      <Filter>Archivos de origen\components</Filter>
    </ClCompile>
    <ClCompile Include="components\LoseLife.cpp">
      <Filter>Archivos de origen\components</Filter>
    </ClCompile>
    <ClCompile Include="components\Button.cpp">
      <Filter>Archivos de origen\components</Filter>
    </ClCompile>
    <ClCompile Include="components\Sword.cpp">
      <Filter>Archivos de origen\components</Filter>
    </ClCompile>
    <ClCompile Include="components\Hammer.cpp">
      <Filter>Archivos de origen\components</Filter>
    </ClCompile>
    <ClCompile Include="main.cpp">
      <Filter>Archivos de origen\states</Filter>
    </ClCompile>
    <ClCompile Include="components\ContactDamage.cpp">
      <Filter>Archivos de origen\components</Filter>
    </ClCompile>
    <ClCompile Include="components\Enemy_Health.cpp">
      <Filter>Archivos de origen\components</Filter>
    </ClCompile>
    <ClCompile Include="components\FringeHeadAtack.cpp">
      <Filter>Archivos de origen\components</Filter>
    </ClCompile>
    <ClCompile Include="states\GameState.cpp">
      <Filter>Archivos de origen\states</Filter>
    </ClCompile>
    <ClCompile Include="states\StateMachine.cpp">
      <Filter>Archivos de origen\states</Filter>
    </ClCompile>
    <ClCompile Include="states\MenuState.cpp">
      <Filter>Archivos de origen\states</Filter>
    </ClCompile>
    <ClCompile Include="states\TestZoneState.cpp">
      <Filter>Archivos de origen\states</Filter>
    </ClCompile>
    <ClCompile Include="components\ShootDetect.cpp">
      <Filter>Archivos de origen\components</Filter>
    </ClCompile>
    <ClCompile Include="components\ElfSharkAttack.cpp">
      <Filter>Archivos de origen\components</Filter>
    </ClCompile>
    <ClCompile Include="states\PlayState.cpp">
      <Filter>Archivos de origen\states</Filter>
    </ClCompile>
    <ClCompile Include="components\Crab.cpp">
      <Filter>Archivos de origen\components</Filter>
    </ClCompile>
    <ClCompile Include="states\OptionsState.cpp">
      <Filter>Archivos de origen\states</Filter>
    </ClCompile>
    <ClCompile Include="components\MachineGun.cpp">
      <Filter>Archivos de origen\components</Filter>
    </ClCompile>
    <ClCompile Include="components\JellyHatBehavior.cpp">
      <Filter>Archivos de origen\components</Filter>
    </ClCompile>
    <ClCompile Include="components\PompeyWormAttack.cpp">
      <Filter>Archivos de origen</Filter>
    </ClCompile>
    <ClCompile Include="states\PasueState.cpp">
      <Filter>Archivos de origen\states</Filter>
    </ClCompile>
    <ClCompile Include="components\Inventory.cpp">
      <Filter>Archivos de origen\components</Filter>
    </ClCompile>
    <ClCompile Include="components\Slider.cpp">
      <Filter>Archivos de origen\components</Filter>
    </ClCompile>
    <ClCompile Include="ecs\SoundManager.cpp">
      <Filter>Archivos de origen\ecs</Filter>
    </ClCompile>
    <ClCompile Include="components\Reward.cpp">
      <Filter>Archivos de origen\components</Filter>
    </ClCompile>
    <ClCompile Include="components\Connections.cpp">
      <Filter>Archivos de origen\components</Filter>
    </ClCompile>
    <ClCompile Include="components\Gancho.cpp">
      <Filter>Archivos de origen\components</Filter>
    </ClCompile>
    <ClCompile Include="components\Cuerda.cpp">
      <Filter>Archivos de origen\components</Filter>
    </ClCompile>
    <ClCompile Include="components\PescaController.cpp">
      <Filter>Archivos de origen\components</Filter>
    </ClCompile>
    <ClCompile Include="components\Animation.cpp">
      <Filter>Archivos de origen\components</Filter>
    </ClCompile>
    <ClCompile Include="components\AnimBlendGraph.cpp">
      <Filter>Archivos de origen\components</Filter>
    </ClCompile>
  </ItemGroup>
  <ItemGroup>
    <None Include="..\assets\config\base.resources.json">
      <Filter>configJson</Filter>
    </None>
  </ItemGroup>
</Project>